
Microsoft Visual Studio Solution File, Format Version 12.00
# Visual Studio Version 17
VisualStudioVersion = 17.8.34330.188
MinimumVisualStudioVersion = 10.0.40219.1
Project("{9A19103F-16F7-4668-BE54-9A1E7A4F7556}") = "BookCatalogCQRS.API", "BookCatalogCQRS\BookCatalogCQRS.API.csproj", "{933FCC0E-157B-48B3-8650-6E0FF21E7CE3}"
EndProject
Project("{9A19103F-16F7-4668-BE54-9A1E7A4F7556}") = "BookCatalogCQRS.Application", "BookCatalog.Application\BookCatalogCQRS.Application.csproj", "{1BBC1334-0630-4D6A-9CF8-667E69351639}"
EndProject
Project("{9A19103F-16F7-4668-BE54-9A1E7A4F7556}") = "BookCatalogCQRS.Infrastructure", "BookCatalog.Infrastructure\BookCatalogCQRS.Infrastructure.csproj", "{3F4981F1-C6C1-4A4F-96BB-CCEFF122643F}"
EndProject
Project("{9A19103F-16F7-4668-BE54-9A1E7A4F7556}") = "BookCatalogCQRS.Domain", "BookCatalog.Domain\BookCatalogCQRS.Domain.csproj", "{05018767-85D3-4785-B2F9-8B506385F190}"
EndProject
Global
	GlobalSection(SolutionConfigurationPlatforms) = preSolution
		Debug|Any CPU = Debug|Any CPU
		Release|Any CPU = Release|Any CPU
	EndGlobalSection
	GlobalSection(ProjectConfigurationPlatforms) = postSolution
		{933FCC0E-157B-48B3-8650-6E0FF21E7CE3}.Debug|Any CPU.ActiveCfg = Debug|Any CPU
		{933FCC0E-157B-48B3-8650-6E0FF21E7CE3}.Debug|Any CPU.Build.0 = Debug|Any CPU
		{933FCC0E-157B-48B3-8650-6E0FF21E7CE3}.Release|Any CPU.ActiveCfg = Release|Any CPU
		{933FCC0E-157B-48B3-8650-6E0FF21E7CE3}.Release|Any CPU.Build.0 = Release|Any CPU
		{1BBC1334-0630-4D6A-9CF8-667E69351639}.Debug|Any CPU.ActiveCfg = Debug|Any CPU
		{1BBC1334-0630-4D6A-9CF8-667E69351639}.Debug|Any CPU.Build.0 = Debug|Any CPU
		{1BBC1334-0630-4D6A-9CF8-667E69351639}.Release|Any CPU.ActiveCfg = Release|Any CPU
		{1BBC1334-0630-4D6A-9CF8-667E69351639}.Release|Any CPU.Build.0 = Release|Any CPU
		{3F4981F1-C6C1-4A4F-96BB-CCEFF122643F}.Debug|Any CPU.ActiveCfg = Debug|Any CPU
		{3F4981F1-C6C1-4A4F-96BB-CCEFF122643F}.Debug|Any CPU.Build.0 = Debug|Any CPU
		{3F4981F1-C6C1-4A4F-96BB-CCEFF122643F}.Release|Any CPU.ActiveCfg = Release|Any CPU
		{3F4981F1-C6C1-4A4F-96BB-CCEFF122643F}.Release|Any CPU.Build.0 = Release|Any CPU
		{05018767-85D3-4785-B2F9-8B506385F190}.Debug|Any CPU.ActiveCfg = Debug|Any CPU
		{05018767-85D3-4785-B2F9-8B506385F190}.Debug|Any CPU.Build.0 = Debug|Any CPU
		{05018767-85D3-4785-B2F9-8B506385F190}.Release|Any CPU.ActiveCfg = Release|Any CPU
		{05018767-85D3-4785-B2F9-8B506385F190}.Release|Any CPU.Build.0 = Release|Any CPU
	EndGlobalSection
	GlobalSection(SolutionProperties) = preSolution
		HideSolutionNode = FALSE
	EndGlobalSection
	GlobalSection(ExtensibilityGlobals) = postSolution
		SolutionGuid = {3FBFC588-F3C6-43D9-B1A6-2235ADBA8560}
	EndGlobalSection
EndGlobal
